
Microsoft Visual Studio Solution File, Format Version 12.00
# Visual Studio Version 16
VisualStudioVersion = 16.0.30320.27
MinimumVisualStudioVersion = 10.0.40219.1
Project("{FAE04EC0-301F-11D3-BF4B-00C04F79EFBC}") = "Operaçoes2", "Operaçoes2.csproj", "{E0A32AF7-4B38-4E86-A88B-886949858871}"
EndProject
Global
	GlobalSection(SolutionConfigurationPlatforms) = preSolution
		Debug|Any CPU = Debug|Any CPU
		Release|Any CPU = Release|Any CPU
	EndGlobalSection
	GlobalSection(ProjectConfigurationPlatforms) = postSolution
		{E0A32AF7-4B38-4E86-A88B-886949858871}.Debug|Any CPU.ActiveCfg = Debug|Any CPU
		{E0A32AF7-4B38-4E86-A88B-886949858871}.Debug|Any CPU.Build.0 = Debug|Any CPU
		{E0A32AF7-4B38-4E86-A88B-886949858871}.Release|Any CPU.ActiveCfg = Release|Any CPU
		{E0A32AF7-4B38-4E86-A88B-886949858871}.Release|Any CPU.Build.0 = Release|Any CPU
	EndGlobalSection
	GlobalSection(SolutionProperties) = preSolution
		HideSolutionNode = FALSE
	EndGlobalSection
	GlobalSection(ExtensibilityGlobals) = postSolution
		SolutionGuid = {FDC09B23-6B17-4EF6-A72D-DB0002FCCFFF}
	EndGlobalSection
EndGlobal
