
Microsoft Visual Studio Solution File, Format Version 12.00
# Visual Studio Version 16
VisualStudioVersion = 16.0.30320.27
MinimumVisualStudioVersion = 10.0.40219.1
Project("{FAE04EC0-301F-11D3-BF4B-00C04F79EFBC}") = "Atividade dia 5", "Atividade dia 5.csproj", "{884D0112-B0CD-41B4-8D3B-24D82D92DD4D}"
EndProject
Global
	GlobalSection(SolutionConfigurationPlatforms) = preSolution
		Debug|Any CPU = Debug|Any CPU
		Release|Any CPU = Release|Any CPU
	EndGlobalSection
	GlobalSection(ProjectConfigurationPlatforms) = postSolution
		{884D0112-B0CD-41B4-8D3B-24D82D92DD4D}.Debug|Any CPU.ActiveCfg = Debug|Any CPU
		{884D0112-B0CD-41B4-8D3B-24D82D92DD4D}.Debug|Any CPU.Build.0 = Debug|Any CPU
		{884D0112-B0CD-41B4-8D3B-24D82D92DD4D}.Release|Any CPU.ActiveCfg = Release|Any CPU
		{884D0112-B0CD-41B4-8D3B-24D82D92DD4D}.Release|Any CPU.Build.0 = Release|Any CPU
	EndGlobalSection
	GlobalSection(SolutionProperties) = preSolution
		HideSolutionNode = FALSE
	EndGlobalSection
	GlobalSection(ExtensibilityGlobals) = postSolution
		SolutionGuid = {16FB735F-0A1D-419B-B20F-F72D4FA9AB98}
	EndGlobalSection
EndGlobal
