
Microsoft Visual Studio Solution File, Format Version 12.00
# Visual Studio Version 16
VisualStudioVersion = 16.0.30320.27
MinimumVisualStudioVersion = 10.0.40219.1
Project("{FAE04EC0-301F-11D3-BF4B-00C04F79EFBC}") = "Aula1", "Aula1.csproj", "{235F71C9-03C6-4B54-8750-4C1A3BD98371}"
EndProject
Global
	GlobalSection(SolutionConfigurationPlatforms) = preSolution
		Debug|Any CPU = Debug|Any CPU
		Release|Any CPU = Release|Any CPU
	EndGlobalSection
	GlobalSection(ProjectConfigurationPlatforms) = postSolution
		{235F71C9-03C6-4B54-8750-4C1A3BD98371}.Debug|Any CPU.ActiveCfg = Debug|Any CPU
		{235F71C9-03C6-4B54-8750-4C1A3BD98371}.Debug|Any CPU.Build.0 = Debug|Any CPU
		{235F71C9-03C6-4B54-8750-4C1A3BD98371}.Release|Any CPU.ActiveCfg = Release|Any CPU
		{235F71C9-03C6-4B54-8750-4C1A3BD98371}.Release|Any CPU.Build.0 = Release|Any CPU
	EndGlobalSection
	GlobalSection(SolutionProperties) = preSolution
		HideSolutionNode = FALSE
	EndGlobalSection
	GlobalSection(ExtensibilityGlobals) = postSolution
		SolutionGuid = {CAF482EF-D194-4916-917C-3D2FEB8BB9DD}
	EndGlobalSection
EndGlobal
