
Microsoft Visual Studio Solution File, Format Version 12.00
# Visual Studio Version 16
VisualStudioVersion = 16.0.30320.27
MinimumVisualStudioVersion = 10.0.40219.1
Project("{FAE04EC0-301F-11D3-BF4B-00C04F79EFBC}") = "Combustível", "Combustível.csproj", "{10701D3F-AA1A-4C03-BA2D-2B0FDFC0AA31}"
EndProject
Global
	GlobalSection(SolutionConfigurationPlatforms) = preSolution
		Debug|Any CPU = Debug|Any CPU
		Release|Any CPU = Release|Any CPU
	EndGlobalSection
	GlobalSection(ProjectConfigurationPlatforms) = postSolution
		{10701D3F-AA1A-4C03-BA2D-2B0FDFC0AA31}.Debug|Any CPU.ActiveCfg = Debug|Any CPU
		{10701D3F-AA1A-4C03-BA2D-2B0FDFC0AA31}.Debug|Any CPU.Build.0 = Debug|Any CPU
		{10701D3F-AA1A-4C03-BA2D-2B0FDFC0AA31}.Release|Any CPU.ActiveCfg = Release|Any CPU
		{10701D3F-AA1A-4C03-BA2D-2B0FDFC0AA31}.Release|Any CPU.Build.0 = Release|Any CPU
	EndGlobalSection
	GlobalSection(SolutionProperties) = preSolution
		HideSolutionNode = FALSE
	EndGlobalSection
	GlobalSection(ExtensibilityGlobals) = postSolution
		SolutionGuid = {6BF49B62-DA94-474C-97EA-5F257AA26F29}
	EndGlobalSection
EndGlobal
