
Microsoft Visual Studio Solution File, Format Version 12.00
# Visual Studio Version 16
VisualStudioVersion = 16.0.30320.27
MinimumVisualStudioVersion = 10.0.40219.1
Project("{FAE04EC0-301F-11D3-BF4B-00C04F79EFBC}") = "ParImpar", "ParImpar.csproj", "{FDE3AD40-E075-4803-B400-8AD53D868A45}"
EndProject
Global
	GlobalSection(SolutionConfigurationPlatforms) = preSolution
		Debug|Any CPU = Debug|Any CPU
		Release|Any CPU = Release|Any CPU
	EndGlobalSection
	GlobalSection(ProjectConfigurationPlatforms) = postSolution
		{FDE3AD40-E075-4803-B400-8AD53D868A45}.Debug|Any CPU.ActiveCfg = Debug|Any CPU
		{FDE3AD40-E075-4803-B400-8AD53D868A45}.Debug|Any CPU.Build.0 = Debug|Any CPU
		{FDE3AD40-E075-4803-B400-8AD53D868A45}.Release|Any CPU.ActiveCfg = Release|Any CPU
		{FDE3AD40-E075-4803-B400-8AD53D868A45}.Release|Any CPU.Build.0 = Release|Any CPU
	EndGlobalSection
	GlobalSection(SolutionProperties) = preSolution
		HideSolutionNode = FALSE
	EndGlobalSection
	GlobalSection(ExtensibilityGlobals) = postSolution
		SolutionGuid = {34D5AD67-A7A0-401C-8D38-D9B138814177}
	EndGlobalSection
EndGlobal
