
Microsoft Visual Studio Solution File, Format Version 12.00
# Visual Studio Version 16
VisualStudioVersion = 16.0.30320.27
MinimumVisualStudioVersion = 10.0.40219.1
Project("{FAE04EC0-301F-11D3-BF4B-00C04F79EFBC}") = "ListaNomes", "ListaNomes.csproj", "{179AB21A-7908-4C8E-99BF-9471CE9692DD}"
EndProject
Global
	GlobalSection(SolutionConfigurationPlatforms) = preSolution
		Debug|Any CPU = Debug|Any CPU
		Release|Any CPU = Release|Any CPU
	EndGlobalSection
	GlobalSection(ProjectConfigurationPlatforms) = postSolution
		{179AB21A-7908-4C8E-99BF-9471CE9692DD}.Debug|Any CPU.ActiveCfg = Debug|Any CPU
		{179AB21A-7908-4C8E-99BF-9471CE9692DD}.Debug|Any CPU.Build.0 = Debug|Any CPU
		{179AB21A-7908-4C8E-99BF-9471CE9692DD}.Release|Any CPU.ActiveCfg = Release|Any CPU
		{179AB21A-7908-4C8E-99BF-9471CE9692DD}.Release|Any CPU.Build.0 = Release|Any CPU
	EndGlobalSection
	GlobalSection(SolutionProperties) = preSolution
		HideSolutionNode = FALSE
	EndGlobalSection
	GlobalSection(ExtensibilityGlobals) = postSolution
		SolutionGuid = {60450E3B-1EB5-4393-80CE-C9C2D27D9A45}
	EndGlobalSection
EndGlobal
